
Microsoft Visual Studio Solution File, Format Version 12.00
# Visual Studio Version 17
VisualStudioVersion = 17.6.33829.357
MinimumVisualStudioVersion = 10.0.40219.1
Project("{FAE04EC0-301F-11D3-BF4B-00C04F79EFBC}") = "WebApi", "WebApi\WebApi.csproj", "{C468BFC5-5E8C-478C-8302-0EC9CB088530}"
EndProject
Global
	GlobalSection(SolutionConfigurationPlatforms) = preSolution
		Debug|Any CPU = Debug|Any CPU
		Release|Any CPU = Release|Any CPU
	EndGlobalSection
	GlobalSection(ProjectConfigurationPlatforms) = postSolution
		{C468BFC5-5E8C-478C-8302-0EC9CB088530}.Debug|Any CPU.ActiveCfg = Debug|Any CPU
		{C468BFC5-5E8C-478C-8302-0EC9CB088530}.Debug|Any CPU.Build.0 = Debug|Any CPU
		{C468BFC5-5E8C-478C-8302-0EC9CB088530}.Release|Any CPU.ActiveCfg = Release|Any CPU
		{C468BFC5-5E8C-478C-8302-0EC9CB088530}.Release|Any CPU.Build.0 = Release|Any CPU
	EndGlobalSection
	GlobalSection(SolutionProperties) = preSolution
		HideSolutionNode = FALSE
	EndGlobalSection
	GlobalSection(ExtensibilityGlobals) = postSolution
		SolutionGuid = {FFF7086C-3CDD-427E-A4EB-680C7FA35741}
	EndGlobalSection
EndGlobal
